
Microsoft Visual Studio Solution File, Format Version 12.00
# Visual Studio Version 17
VisualStudioVersion = 17.3.32825.248
MinimumVisualStudioVersion = 10.0.40219.1
Project("{FAE04EC0-301F-11D3-BF4B-00C04F79EFBC}") = "Task 1", "Task 1\Task 1.csproj", "{8F18EF32-D937-4EF8-99DD-79E7FA08C0DF}"
EndProject
Project("{FAE04EC0-301F-11D3-BF4B-00C04F79EFBC}") = "Task 2", "Task 2\Task 2.csproj", "{22BD1492-968A-460D-BC65-8D377B763480}"
EndProject
Global
	GlobalSection(SolutionConfigurationPlatforms) = preSolution
		Debug|Any CPU = Debug|Any CPU
		Release|Any CPU = Release|Any CPU
	EndGlobalSection
	GlobalSection(ProjectConfigurationPlatforms) = postSolution
		{8F18EF32-D937-4EF8-99DD-79E7FA08C0DF}.Debug|Any CPU.ActiveCfg = Debug|Any CPU
		{8F18EF32-D937-4EF8-99DD-79E7FA08C0DF}.Debug|Any CPU.Build.0 = Debug|Any CPU
		{8F18EF32-D937-4EF8-99DD-79E7FA08C0DF}.Release|Any CPU.ActiveCfg = Release|Any CPU
		{8F18EF32-D937-4EF8-99DD-79E7FA08C0DF}.Release|Any CPU.Build.0 = Release|Any CPU
		{22BD1492-968A-460D-BC65-8D377B763480}.Debug|Any CPU.ActiveCfg = Debug|Any CPU
		{22BD1492-968A-460D-BC65-8D377B763480}.Debug|Any CPU.Build.0 = Debug|Any CPU
		{22BD1492-968A-460D-BC65-8D377B763480}.Release|Any CPU.ActiveCfg = Release|Any CPU
		{22BD1492-968A-460D-BC65-8D377B763480}.Release|Any CPU.Build.0 = Release|Any CPU
	EndGlobalSection
	GlobalSection(SolutionProperties) = preSolution
		HideSolutionNode = FALSE
	EndGlobalSection
	GlobalSection(ExtensibilityGlobals) = postSolution
		SolutionGuid = {C2C5B003-7E62-4319-A8D9-E828C1FA720C}
	EndGlobalSection
EndGlobal
